github.com/dleto614/simba v0.0.3 h1:Pd7CFtziwob12yOmN8EIsF5b11zDqjocMN2RL6VLTzI=
github.com/dleto614/simba v0.0.3/go.mod h1:8Oq1JzvRlQ6egVzTt4TssDxXAAkMVT1mbUQ178bU+bg=
github.com/dleto614/simba v0.0.4-0.20251115025302-170c0896f9f1 h1:O0Co/g8UP+dg+GwRZOBUA7sXdCNiDw+V4BDVaixgm58=
github.com/dleto614/simba v0.0.4-0.20251115025302-170c0896f9f1/go.mod h1:8Oq1JzvRlQ6egVzTt4TssDxXAAkMVT1mbUQ178bU+bg=
golang.org/x/crypto v0.44.0 h1:A97SsFvM3AIwEEmTBiaxPPTYpDC47w720rdiiUvgoAU=
golang.org/x/crypto v0.44.0/go.mod h1:013i+Nw79BMiQiMsOPcVCB5ZIJbYkerPrGnOa00tvmc=
